{
  "nodes": {
    "nixpkgs": {
      "locked": {
        "lastModified": 1619808931,
        "narHash": "sha256-GoUyxogYAE7e/Fl8onZ2mz2O70WaPcBVHJQ/NGJ98cU=",
        "owner": "NixOS",
        "repo": "nixpkgs",
        "rev": "248a57d61a68fe08d9bbaa639ae3c6ea3a1bc57c",
        "type": "github"
      },
      "original": {
        "id": "nixpkgs",
        "type": "indirect"
      }
    },
    "root": {
      "inputs": {
        "nixpkgs": "nixpkgs"
      }
    }
  },
  "root": "root",
  "version": 7
}
