{
  "nodes": {
    "nixpkgs": {
      "locked": {
        "lastModified": 1624559435,
        "narHash": "sha256-XMq2rxOWtgiGlKznl6Njc7dyHylMLri9NAPVWi13LuY=",
        "owner": "NixOS",
        "repo": "nixpkgs",
        "rev": "0c172396392c4602630271594b00d3ba01b33fce",
        "type": "github"
      },
      "original": {
        "id": "nixpkgs",
        "type": "indirect"
      }
    },
    "root": {
      "inputs": {
        "nixpkgs": "nixpkgs"
      }
    }
  },
  "root": "root",
  "version": 7
}
