{
  "nodes": {
    "nixpkgs": {
      "locked": {
        "lastModified": 1619978323,
        "narHash": "sha256-Zd4sV8LTp0PBNyBBlGHd41I7oHKiHbGY1YzeaNljHJo=",
        "owner": "NixOS",
        "repo": "nixpkgs",
        "rev": "4e78613c0569118a7ca1f19119608bfa07dd9748",
        "type": "github"
      },
      "original": {
        "id": "nixpkgs",
        "type": "indirect"
      }
    },
    "root": {
      "inputs": {
        "nixpkgs": "nixpkgs"
      }
    }
  },
  "root": "root",
  "version": 7
}
